
Microsoft Visual Studio Solution File, Format Version 12.00
# Visual Studio 15
VisualStudioVersion = 15.0.28307.168
MinimumVisualStudioVersion = 10.0.40219.1
Project("{FAE04EC0-301F-11D3-BF4B-00C04F79EFBC}") = "ADC_Serial_Timer_Integer", "ADC_Serial_Timer_Integer\ADC_Serial_Timer_Integer.csproj", "{5F76A39B-11D9-47CB-9745-5511580F65AD}"
EndProject
Global
	GlobalSection(SolutionConfigurationPlatforms) = preSolution
		Debug|Any CPU = Debug|Any CPU
		Release|Any CPU = Release|Any CPU
	EndGlobalSection
	GlobalSection(ProjectConfigurationPlatforms) = postSolution
		{5F76A39B-11D9-47CB-9745-5511580F65AD}.Debug|Any CPU.ActiveCfg = Debug|Any CPU
		{5F76A39B-11D9-47CB-9745-5511580F65AD}.Debug|Any CPU.Build.0 = Debug|Any CPU
		{5F76A39B-11D9-47CB-9745-5511580F65AD}.Release|Any CPU.ActiveCfg = Release|Any CPU
		{5F76A39B-11D9-47CB-9745-5511580F65AD}.Release|Any CPU.Build.0 = Release|Any CPU
	EndGlobalSection
	GlobalSection(SolutionProperties) = preSolution
		HideSolutionNode = FALSE
	EndGlobalSection
	GlobalSection(ExtensibilityGlobals) = postSolution
		SolutionGuid = {8040ACAB-E6BF-4C93-986A-1484749B5AFB}
	EndGlobalSection
EndGlobal
